
Microsoft Visual Studio Solution File, Format Version 12.00
# Visual Studio Version 17
VisualStudioVersion = 17.4.33213.308
MinimumVisualStudioVersion = 10.0.40219.1
Project("{9A19103F-16F7-4668-BE54-9A1E7A4F7556}") = "ExampleFramework", "src\ExampleFramework\ExampleFramework.csproj", "{D0041716-74DA-45E3-A0D3-B4CC5CAC766B}"
EndProject
Project("{9A19103F-16F7-4668-BE54-9A1E7A4F7556}") = "ExampleFramework.Tooling", "src\ExampleFramework.Tooling\ExampleFramework.Tooling.csproj", "{B002BA78-E2E3-4DC1-BBA8-8655589C7DEE}"
EndProject
Project("{2150E333-8FDC-42A3-9474-1A3956D46DE8}") = "samples", "samples", "{D2D79087-63DE-48DA-A903-D915B1FAE013}"
EndProject
Project("{2150E333-8FDC-42A3-9474-1A3956D46DE8}") = "maui", "maui", "{2D3F8C1A-337A-4913-A321-5167F7B49CE0}"
EndProject
Project("{9A19103F-16F7-4668-BE54-9A1E7A4F7556}") = "ExampleFramework.Tooling.Maui", "src\ExampleFramework.Tooling.Maui\ExampleFramework.Tooling.Maui.csproj", "{BDF28A19-0605-44EC-B43E-7044E0C8EF2A}"
EndProject
Project("{9A19103F-16F7-4668-BE54-9A1E7A4F7556}") = "SandboxApp", "samples\maui\SandboxApp\SandboxApp.csproj", "{904F28F6-030C-4A49-B0CA-A6CBBF94E8C9}"
EndProject
Project("{9A19103F-16F7-4668-BE54-9A1E7A4F7556}") = "PointOfSale", "samples\maui\PointOfSale\src\PointOfSale\PointOfSale.csproj", "{E3044DBF-93D2-431F-B56D-5056715C1EA3}"
EndProject
Global
	GlobalSection(SolutionConfigurationPlatforms) = preSolution
		Debug|Any CPU = Debug|Any CPU
		Release|Any CPU = Release|Any CPU
	EndGlobalSection
	GlobalSection(ProjectConfigurationPlatforms) = postSolution
		{D0041716-74DA-45E3-A0D3-B4CC5CAC766B}.Debug|Any CPU.ActiveCfg = Debug|Any CPU
		{D0041716-74DA-45E3-A0D3-B4CC5CAC766B}.Debug|Any CPU.Build.0 = Debug|Any CPU
		{D0041716-74DA-45E3-A0D3-B4CC5CAC766B}.Release|Any CPU.ActiveCfg = Release|Any CPU
		{D0041716-74DA-45E3-A0D3-B4CC5CAC766B}.Release|Any CPU.Build.0 = Release|Any CPU
		{B002BA78-E2E3-4DC1-BBA8-8655589C7DEE}.Debug|Any CPU.ActiveCfg = Debug|Any CPU
		{B002BA78-E2E3-4DC1-BBA8-8655589C7DEE}.Debug|Any CPU.Build.0 = Debug|Any CPU
		{B002BA78-E2E3-4DC1-BBA8-8655589C7DEE}.Release|Any CPU.ActiveCfg = Release|Any CPU
		{B002BA78-E2E3-4DC1-BBA8-8655589C7DEE}.Release|Any CPU.Build.0 = Release|Any CPU
		{BDF28A19-0605-44EC-B43E-7044E0C8EF2A}.Debug|Any CPU.ActiveCfg = Debug|Any CPU
		{BDF28A19-0605-44EC-B43E-7044E0C8EF2A}.Debug|Any CPU.Build.0 = Debug|Any CPU
		{BDF28A19-0605-44EC-B43E-7044E0C8EF2A}.Release|Any CPU.ActiveCfg = Release|Any CPU
		{BDF28A19-0605-44EC-B43E-7044E0C8EF2A}.Release|Any CPU.Build.0 = Release|Any CPU
		{904F28F6-030C-4A49-B0CA-A6CBBF94E8C9}.Debug|Any CPU.ActiveCfg = Debug|Any CPU
		{904F28F6-030C-4A49-B0CA-A6CBBF94E8C9}.Debug|Any CPU.Build.0 = Debug|Any CPU
		{904F28F6-030C-4A49-B0CA-A6CBBF94E8C9}.Debug|Any CPU.Deploy.0 = Debug|Any CPU
		{904F28F6-030C-4A49-B0CA-A6CBBF94E8C9}.Release|Any CPU.ActiveCfg = Release|Any CPU
		{904F28F6-030C-4A49-B0CA-A6CBBF94E8C9}.Release|Any CPU.Build.0 = Release|Any CPU
		{904F28F6-030C-4A49-B0CA-A6CBBF94E8C9}.Release|Any CPU.Deploy.0 = Release|Any CPU
		{E3044DBF-93D2-431F-B56D-5056715C1EA3}.Debug|Any CPU.ActiveCfg = Debug|Any CPU
		{E3044DBF-93D2-431F-B56D-5056715C1EA3}.Debug|Any CPU.Build.0 = Debug|Any CPU
		{E3044DBF-93D2-431F-B56D-5056715C1EA3}.Debug|Any CPU.Deploy.0 = Debug|Any CPU
		{E3044DBF-93D2-431F-B56D-5056715C1EA3}.Release|Any CPU.ActiveCfg = Release|Any CPU
		{E3044DBF-93D2-431F-B56D-5056715C1EA3}.Release|Any CPU.Build.0 = Release|Any CPU
		{E3044DBF-93D2-431F-B56D-5056715C1EA3}.Release|Any CPU.Deploy.0 = Release|Any CPU
	EndGlobalSection
	GlobalSection(SolutionProperties) = preSolution
		HideSolutionNode = FALSE
	EndGlobalSection
	GlobalSection(NestedProjects) = preSolution
		{2D3F8C1A-337A-4913-A321-5167F7B49CE0} = {D2D79087-63DE-48DA-A903-D915B1FAE013}
		{904F28F6-030C-4A49-B0CA-A6CBBF94E8C9} = {2D3F8C1A-337A-4913-A321-5167F7B49CE0}
		{E3044DBF-93D2-431F-B56D-5056715C1EA3} = {2D3F8C1A-337A-4913-A321-5167F7B49CE0}
	EndGlobalSection
	GlobalSection(ExtensibilityGlobals) = postSolution
		SolutionGuid = {52CB1B96-37FD-4F1F-9488-5F8381E0A631}
	EndGlobalSection
EndGlobal
